
Microsoft Visual Studio Solution File, Format Version 12.00
# Visual Studio Version 16
VisualStudioVersion = 16.0.30204.135
MinimumVisualStudioVersion = 10.0.40219.1
Project("{FAE04EC0-301F-11D3-BF4B-00C04F79EFBC}") = "FuckingPrime", "FuckingPrime.csproj", "{30A08428-4F9E-4F51-B4EC-80B81596AA2E}"
EndProject
Global
	GlobalSection(SolutionConfigurationPlatforms) = preSolution
		Debug|Any CPU = Debug|Any CPU
		Release|Any CPU = Release|Any CPU
	EndGlobalSection
	GlobalSection(ProjectConfigurationPlatforms) = postSolution
		{30A08428-4F9E-4F51-B4EC-80B81596AA2E}.Debug|Any CPU.ActiveCfg = Debug|Any CPU
		{30A08428-4F9E-4F51-B4EC-80B81596AA2E}.Debug|Any CPU.Build.0 = Debug|Any CPU
		{30A08428-4F9E-4F51-B4EC-80B81596AA2E}.Release|Any CPU.ActiveCfg = Release|Any CPU
		{30A08428-4F9E-4F51-B4EC-80B81596AA2E}.Release|Any CPU.Build.0 = Release|Any CPU
	EndGlobalSection
	GlobalSection(SolutionProperties) = preSolution
		HideSolutionNode = FALSE
	EndGlobalSection
	GlobalSection(ExtensibilityGlobals) = postSolution
		SolutionGuid = {5554067B-66F5-47CB-8E88-9858AB4648AB}
	EndGlobalSection
EndGlobal
